<Solution>
  <Configurations>
    <BuildType Name="Release" />
  </Configurations>
  <Project Path="SPTushonka.Build/SPTushonka.Build.csproj" />
  <Project Path="SPTushonka.Common/SPTushonka.Common.csproj" />
  <Project Path="SPTushonka.Core/SPTushonka.Core.csproj" />
  <Project Path="SPTushonka.Custom/SPTushonka.Custom.csproj" />
  <Project Path="SPTushonka.Debugging/SPTushonka.Debugging.csproj" />
  <Project Path="SPTushonka.PrePatch/SPTushonka.PrePatch.csproj" />
  <Project Path="SPTushonka.Reflection/SPTushonka.Reflection.csproj" />
  <Project Path="SPTushonka.SinglePlayer/SPTushonka.SinglePlayer.csproj" />
</Solution>
